
Microsoft Visual Studio Solution File, Format Version 12.00
# Visual Studio Version 16
VisualStudioVersion = 16.0.30611.23
MinimumVisualStudioVersion = 10.0.40219.1
Project("{9A19103F-16F7-4668-BE54-9A1E7A4F7556}") = "StacksQueuesProblem", "StacksQueuesProblem.csproj", "{4CB46E4F-419D-49F7-80CA-68B2C6AEF205}"
EndProject
Project("{FAE04EC0-301F-11D3-BF4B-00C04F79EFBC}") = "StacksQueuesMSTest", "..\StacksQueuesMSTest\StacksQueuesMSTest.csproj", "{088D20CC-713F-4A2C-A2B4-71AD31CF1C0F}"
EndProject
Global
	GlobalSection(SolutionConfigurationPlatforms) = preSolution
		Debug|Any CPU = Debug|Any CPU
		Release|Any CPU = Release|Any CPU
	EndGlobalSection
	GlobalSection(ProjectConfigurationPlatforms) = postSolution
		{4CB46E4F-419D-49F7-80CA-68B2C6AEF205}.Debug|Any CPU.ActiveCfg = Debug|Any CPU
		{4CB46E4F-419D-49F7-80CA-68B2C6AEF205}.Debug|Any CPU.Build.0 = Debug|Any CPU
		{4CB46E4F-419D-49F7-80CA-68B2C6AEF205}.Release|Any CPU.ActiveCfg = Release|Any CPU
		{4CB46E4F-419D-49F7-80CA-68B2C6AEF205}.Release|Any CPU.Build.0 = Release|Any CPU
		{088D20CC-713F-4A2C-A2B4-71AD31CF1C0F}.Debug|Any CPU.ActiveCfg = Debug|Any CPU
		{088D20CC-713F-4A2C-A2B4-71AD31CF1C0F}.Debug|Any CPU.Build.0 = Debug|Any CPU
		{088D20CC-713F-4A2C-A2B4-71AD31CF1C0F}.Release|Any CPU.ActiveCfg = Release|Any CPU
		{088D20CC-713F-4A2C-A2B4-71AD31CF1C0F}.Release|Any CPU.Build.0 = Release|Any CPU
	EndGlobalSection
	GlobalSection(SolutionProperties) = preSolution
		HideSolutionNode = FALSE
	EndGlobalSection
	GlobalSection(ExtensibilityGlobals) = postSolution
		SolutionGuid = {E8A114E9-A4BB-4A9E-975A-EE2D41E22AB0}
	EndGlobalSection
EndGlobal
